
Microsoft Visual Studio Solution File, Format Version 12.00
# Visual Studio Version 17
VisualStudioVersion = 17.8.34511.84
MinimumVisualStudioVersion = 10.0.40219.1
Project("{FAE04EC0-301F-11D3-BF4B-00C04F79EFBC}") = "DesktopCapstone", "DesktopCapstone\DesktopCapstone.csproj", "{E120250E-F5E6-4499-8142-0F1EB9690810}"
EndProject
Global
	GlobalSection(SolutionConfigurationPlatforms) = preSolution
		Debug|Any CPU = Debug|Any CPU
		Release|Any CPU = Release|Any CPU
	EndGlobalSection
	GlobalSection(ProjectConfigurationPlatforms) = postSolution
		{E120250E-F5E6-4499-8142-0F1EB9690810}.Debug|Any CPU.ActiveCfg = Debug|Any CPU
		{E120250E-F5E6-4499-8142-0F1EB9690810}.Debug|Any CPU.Build.0 = Debug|Any CPU
		{E120250E-F5E6-4499-8142-0F1EB9690810}.Release|Any CPU.ActiveCfg = Release|Any CPU
		{E120250E-F5E6-4499-8142-0F1EB9690810}.Release|Any CPU.Build.0 = Release|Any CPU
	EndGlobalSection
	GlobalSection(SolutionProperties) = preSolution
		HideSolutionNode = FALSE
	EndGlobalSection
	GlobalSection(ExtensibilityGlobals) = postSolution
		SolutionGuid = {A4A6F178-36C6-4B19-9758-60B5CEDE1F66}
	EndGlobalSection
EndGlobal
